
Microsoft Visual Studio Solution File, Format Version 12.00
# Visual Studio Version 17
VisualStudioVersion = 17.0.31919.166
MinimumVisualStudioVersion = 10.0.40219.1
Project("{FAE04EC0-301F-11D3-BF4B-00C04F79EFBC}") = "InspectionAPI", "InspectionAPI\InspectionAPI.csproj", "{D58FE7F6-A3E6-49E0-932F-203AADED0CCE}"
EndProject
Global
	GlobalSection(SolutionConfigurationPlatforms) = preSolution
		Debug|Any CPU = Debug|Any CPU
		Release|Any CPU = Release|Any CPU
	EndGlobalSection
	GlobalSection(ProjectConfigurationPlatforms) = postSolution
		{D58FE7F6-A3E6-49E0-932F-203AADED0CCE}.Debug|Any CPU.ActiveCfg = Debug|Any CPU
		{D58FE7F6-A3E6-49E0-932F-203AADED0CCE}.Debug|Any CPU.Build.0 = Debug|Any CPU
		{D58FE7F6-A3E6-49E0-932F-203AADED0CCE}.Release|Any CPU.ActiveCfg = Release|Any CPU
		{D58FE7F6-A3E6-49E0-932F-203AADED0CCE}.Release|Any CPU.Build.0 = Release|Any CPU
	EndGlobalSection
	GlobalSection(SolutionProperties) = preSolution
		HideSolutionNode = FALSE
	EndGlobalSection
	GlobalSection(ExtensibilityGlobals) = postSolution
		SolutionGuid = {A4635988-407F-4444-BCD0-18D17522A733}
	EndGlobalSection
EndGlobal
